
Microsoft Visual Studio Solution File, Format Version 12.00
# Visual Studio Version 17
VisualStudioVersion = 17.11.35219.272
MinimumVisualStudioVersion = 10.0.40219.1
Project("{FAE04EC0-301F-11D3-BF4B-00C04F79EFBC}") = "WeatherApp", "WeatherApp\WeatherApp.csproj", "{358938F5-A610-4045-92C5-17548CAE3D75}"
EndProject
Global
	GlobalSection(SolutionConfigurationPlatforms) = preSolution
		Debug|Any CPU = Debug|Any CPU
		Release|Any CPU = Release|Any CPU
	EndGlobalSection
	GlobalSection(ProjectConfigurationPlatforms) = postSolution
		{358938F5-A610-4045-92C5-17548CAE3D75}.Debug|Any CPU.ActiveCfg = Debug|Any CPU
		{358938F5-A610-4045-92C5-17548CAE3D75}.Debug|Any CPU.Build.0 = Debug|Any CPU
		{358938F5-A610-4045-92C5-17548CAE3D75}.Release|Any CPU.ActiveCfg = Release|Any CPU
		{358938F5-A610-4045-92C5-17548CAE3D75}.Release|Any CPU.Build.0 = Release|Any CPU
	EndGlobalSection
	GlobalSection(SolutionProperties) = preSolution
		HideSolutionNode = FALSE
	EndGlobalSection
	GlobalSection(ExtensibilityGlobals) = postSolution
		SolutionGuid = {1E2CE9B3-543D-4FDA-A8B3-9344A788894F}
	EndGlobalSection
EndGlobal
